// !$*UTF8*$!
{
	archiveVersion = 1;
	classes = {
	};
	objectVersion = 46;
	objects = {

/* Begin PBXBuildFile section */
		0B07471D1AE4619600A971FF /* main.m in Sources */ = {isa = PBXBuildFile; fileRef = 0B07471C1AE4619600A971FF /* main.m */; };
		0B0747201AE4619600A971FF /* AppDelegate.m in Sources */ = {isa = PBXBuildFile; fileRef = 0B07471F1AE4619600A971FF /* AppDelegate.m */; };
		0B0747231AE4619600A971FF /* ViewController.m in Sources */ = {isa = PBXBuildFile; fileRef = 0B0747221AE4619600A971FF /* ViewController.m */; };
		0B0747261AE4619600A971FF /* Main.storyboard in Resources */ = {isa = PBXBuildFile; fileRef = 0B0747241AE4619600A971FF /* Main.storyboard */; };
		0B0747281AE4619600A971FF /* Images.xcassets in Resources */ = {isa = PBXBuildFile; fileRef = 0B0747271AE4619600A971FF /* Images.xcassets */; };
		0B07472B1AE4619600A971FF /* LaunchScreen.xib in Resources */ = {isa = PBXBuildFile; fileRef = 0B0747291AE4619600A971FF /* LaunchScreen.xib */; };
		0B0747371AE4619600A971FF /* Jimmy_LiuTests.m in Sources */ = {isa = PBXBuildFile; fileRef = 0B0747361AE4619600A971FF /* Jimmy_LiuTests.m */; };
		0B0956861AE6001F000015FA /* FeedViewController.m in Sources */ = {isa = PBXBuildFile; fileRef = 0B0956851AE6001F000015FA /* FeedViewController.m */; };
		0B0956891AE60111000015FA /* FeedTableCell.m in Sources */ = {isa = PBXBuildFile; fileRef = 0B0956881AE60111000015FA /* FeedTableCell.m */; };
		0B09568C1AE60393000015FA /* Images in Resources */ = {isa = PBXBuildFile; fileRef = 0B09568B1AE60393000015FA /* Images */; };
		0B0956931AE6048A000015FA /* StoryViewController.m in Sources */ = {isa = PBXBuildFile; fileRef = 0B0956921AE6048A000015FA /* StoryViewController.m */; };
		0B0956961AE60551000015FA /* TitleCell.m in Sources */ = {isa = PBXBuildFile; fileRef = 0B0956951AE60551000015FA /* TitleCell.m */; };
		0B0956991AE6055B000015FA /* ParagraphCell.m in Sources */ = {isa = PBXBuildFile; fileRef = 0B0956981AE6055B000015FA /* ParagraphCell.m */; };
		0B09569C1AE60564000015FA /* SingleImageCell.m in Sources */ = {isa = PBXBuildFile; fileRef = 0B09569B1AE60564000015FA /* SingleImageCell.m */; };
		0B09569F1AE6056D000015FA /* DoubleImageCell.m in Sources */ = {isa = PBXBuildFile; fileRef = 0B09569E1AE6056D000015FA /* DoubleImageCell.m */; };
		0B0956A21AE60576000015FA /* TripleImageCell.m in Sources */ = {isa = PBXBuildFile; fileRef = 0B0956A11AE60576000015FA /* TripleImageCell.m */; };
		0B0956A51AE6057D000015FA /* QuoteCell.m in Sources */ = {isa = PBXBuildFile; fileRef = 0B0956A41AE6057D000015FA /* QuoteCell.m */; };
		0B0956A71AE60C31000015FA /* test.jpg in Resources */ = {isa = PBXBuildFile; fileRef = 0B0956A61AE60C31000015FA /* test.jpg */; };
		0B0956AB1AE7687D000015FA /* test1.jpg in Resources */ = {isa = PBXBuildFile; fileRef = 0B0956A81AE7687D000015FA /* test1.jpg */; };
		0B0956AC1AE7687D000015FA /* test2.jpg in Resources */ = {isa = PBXBuildFile; fileRef = 0B0956A91AE7687D000015FA /* test2.jpg */; };
		0B0956AD1AE7687D000015FA /* test3.jpg in Resources */ = {isa = PBXBuildFile; fileRef = 0B0956AA1AE7687D000015FA /* test3.jpg */; };
		0B0956B01AE768DB000015FA /* test4.jpg in Resources */ = {isa = PBXBuildFile; fileRef = 0B0956AF1AE768DB000015FA /* test4.jpg */; };
		0B81FF2D1AE88B91008B55A5 /* box.png in Resources */ = {isa = PBXBuildFile; fileRef = 0B81FF2C1AE88B91008B55A5 /* box.png */; };
		0B81FF301AE88C97008B55A5 /* ios7-clock.png in Resources */ = {isa = PBXBuildFile; fileRef = 0B81FF2E1AE88C97008B55A5 /* ios7-clock.png */; };
		0B81FF311AE88C97008B55A5 /* ios7-location.png in Resources */ = {isa = PBXBuildFile; fileRef = 0B81FF2F1AE88C97008B55A5 /* ios7-location.png */; };
		0B81FF341AE89711008B55A5 /* KLCPopup.m in Sources */ = {isa = PBXBuildFile; fileRef = 0B81FF331AE89711008B55A5 /* KLCPopup.m */; };
		0B81FF361AE898EA008B55A5 /* View.xib in Resources */ = {isa = PBXBuildFile; fileRef = 0B81FF351AE898EA008B55A5 /* View.xib */; };
		0B81FF391AE89905008B55A5 /* PopUpView.m in Sources */ = {isa = PBXBuildFile; fileRef = 0B81FF381AE89905008B55A5 /* PopUpView.m */; };
		0B81FF3B1AE89D78008B55A5 /* profile.png in Resources */ = {isa = PBXBuildFile; fileRef = 0B81FF3A1AE89D78008B55A5 /* profile.png */; };
		0BB8C8CA1AE777E500952CE4 /* story.json in Resources */ = {isa = PBXBuildFile; fileRef = 0BB8C8C91AE777E500952CE4 /* story.json */; };
		EE14AA202321C50F75FDB198 /* libPods-Jimmy Liu.a in Frameworks */ = {isa = PBXBuildFile; fileRef = 9D2B5D476EFEB3A766C4E9A5 /* libPods-Jimmy Liu.a */; };
/* End PBXBuildFile section */

/* Begin PBXContainerItemProxy section */
		0B0747311AE4619600A971FF /* PBXContainerItemProxy */ = {
			isa = PBXContainerItemProxy;
			containerPortal = 0B07470F1AE4619600A971FF /* Project object */;
			proxyType = 1;
			remoteGlobalIDString = 0B0747161AE4619600A971FF;
			remoteInfo = "Jimmy Liu";
		};
/* End PBXContainerItemProxy section */

/* Begin PBXFileReference section */
		0B0747171AE4619600A971FF /* Jimmy Liu.app */ = {isa = PBXFileReference; explicitFileType = wrapper.application; includeInIndex = 0; path = "Jimmy Liu.app"; sourceTree = BUILT_PRODUCTS_DIR; };
		0B07471B1AE4619600A971FF /* Info.plist */ = {isa = PBXFileReference; lastKnownFileType = text.plist.xml; path = Info.plist; sourceTree = "<group>"; };
		0B07471C1AE4619600A971FF /* main.m */ = {isa = PBXFileReference; lastKnownFileType = sourcecode.c.objc; path = main.m; sourceTree = "<group>"; };
		0B07471E1AE4619600A971FF /* AppDelegate.h */ = {isa = PBXFileReference; lastKnownFileType = sourcecode.c.h; path = AppDelegate.h; sourceTree = "<group>"; };
		0B07471F1AE4619600A971FF /* AppDelegate.m */ = {isa = PBXFileReference; lastKnownFileType = sourcecode.c.objc; path = AppDelegate.m; sourceTree = "<group>"; };
		0B0747211AE4619600A971FF /* ViewController.h */ = {isa = PBXFileReference; lastKnownFileType = sourcecode.c.h; path = ViewController.h; sourceTree = "<group>"; };
		0B0747221AE4619600A971FF /* ViewController.m */ = {isa = PBXFileReference; lastKnownFileType = sourcecode.c.objc; path = ViewController.m; sourceTree = "<group>"; };
		0B0747251AE4619600A971FF /* Base */ = {isa = PBXFileReference; lastKnownFileType = file.storyboard; name = Base; path = Base.lproj/Main.storyboard; sourceTree = "<group>"; };
		0B0747271AE4619600A971FF /* Images.xcassets */ = {isa = PBXFileReference; lastKnownFileType = folder.assetcatalog; path = Images.xcassets; sourceTree = "<group>"; };
		0B07472A1AE4619600A971FF /* Base */ = {isa = PBXFileReference; lastKnownFileType = file.xib; name = Base; path = Base.lproj/LaunchScreen.xib; sourceTree = "<group>"; };
		0B0747301AE4619600A971FF /* Jimmy LiuTests.xctest */ = {isa = PBXFileReference; explicitFileType = wrapper.cfbundle; includeInIndex = 0; path = "Jimmy LiuTests.xctest"; sourceTree = BUILT_PRODUCTS_DIR; };
		0B0747351AE4619600A971FF /* Info.plist */ = {isa = PBXFileReference; lastKnownFileType = text.plist.xml; path = Info.plist; sourceTree = "<group>"; };
		0B0747361AE4619600A971FF /* Jimmy_LiuTests.m */ = {isa = PBXFileReference; lastKnownFileType = sourcecode.c.objc; path = Jimmy_LiuTests.m; sourceTree = "<group>"; };
		0B0956841AE6001F000015FA /* FeedViewController.h */ = {isa = PBXFileReference; fileEncoding = 4; lastKnownFileType = sourcecode.c.h; path = FeedViewController.h; sourceTree = "<group>"; };
		0B0956851AE6001F000015FA /* FeedViewController.m */ = {isa = PBXFileReference; fileEncoding = 4; lastKnownFileType = sourcecode.c.objc; path = FeedViewController.m; sourceTree = "<group>"; };
		0B0956871AE60111000015FA /* FeedTableCell.h */ = {isa = PBXFileReference; fileEncoding = 4; lastKnownFileType = sourcecode.c.h; path = FeedTableCell.h; sourceTree = "<group>"; };
		0B0956881AE60111000015FA /* FeedTableCell.m */ = {isa = PBXFileReference; fileEncoding = 4; lastKnownFileType = sourcecode.c.objc; path = FeedTableCell.m; sourceTree = "<group>"; };
		0B09568B1AE60393000015FA /* Images */ = {isa = PBXFileReference; lastKnownFileType = folder; path = Images; sourceTree = "<group>"; };
		0B0956911AE6048A000015FA /* StoryViewController.h */ = {isa = PBXFileReference; fileEncoding = 4; lastKnownFileType = sourcecode.c.h; path = StoryViewController.h; sourceTree = "<group>"; };
		0B0956921AE6048A000015FA /* StoryViewController.m */ = {isa = PBXFileReference; fileEncoding = 4; lastKnownFileType = sourcecode.c.objc; path = StoryViewController.m; sourceTree = "<group>"; };
		0B0956941AE60551000015FA /* TitleCell.h */ = {isa = PBXFileReference; fileEncoding = 4; lastKnownFileType = sourcecode.c.h; path = TitleCell.h; sourceTree = "<group>"; };
		0B0956951AE60551000015FA /* TitleCell.m */ = {isa = PBXFileReference; fileEncoding = 4; lastKnownFileType = sourcecode.c.objc; path = TitleCell.m; sourceTree = "<group>"; };
		0B0956971AE6055B000015FA /* ParagraphCell.h */ = {isa = PBXFileReference; fileEncoding = 4; lastKnownFileType = sourcecode.c.h; path = ParagraphCell.h; sourceTree = "<group>"; };
		0B0956981AE6055B000015FA /* ParagraphCell.m */ = {isa = PBXFileReference; fileEncoding = 4; lastKnownFileType = sourcecode.c.objc; path = ParagraphCell.m; sourceTree = "<group>"; };
		0B09569A1AE60564000015FA /* SingleImageCell.h */ = {isa = PBXFileReference; fileEncoding = 4; lastKnownFileType = sourcecode.c.h; path = SingleImageCell.h; sourceTree = "<group>"; };
		0B09569B1AE60564000015FA /* SingleImageCell.m */ = {isa = PBXFileReference; fileEncoding = 4; lastKnownFileType = sourcecode.c.objc; path = SingleImageCell.m; sourceTree = "<group>"; };
		0B09569D1AE6056D000015FA /* DoubleImageCell.h */ = {isa = PBXFileReference; fileEncoding = 4; lastKnownFileType = sourcecode.c.h; path = DoubleImageCell.h; sourceTree = "<group>"; };
		0B09569E1AE6056D000015FA /* DoubleImageCell.m */ = {isa = PBXFileReference; fileEncoding = 4; lastKnownFileType = sourcecode.c.objc; path = DoubleImageCell.m; sourceTree = "<group>"; };
		0B0956A01AE60576000015FA /* TripleImageCell.h */ = {isa = PBXFileReference; fileEncoding = 4; lastKnownFileType = sourcecode.c.h; path = TripleImageCell.h; sourceTree = "<group>"; };
		0B0956A11AE60576000015FA /* TripleImageCell.m */ = {isa = PBXFileReference; fileEncoding = 4; lastKnownFileType = sourcecode.c.objc; path = TripleImageCell.m; sourceTree = "<group>"; };
		0B0956A31AE6057D000015FA /* QuoteCell.h */ = {isa = PBXFileReference; fileEncoding = 4; lastKnownFileType = sourcecode.c.h; path = QuoteCell.h; sourceTree = "<group>"; };
		0B0956A41AE6057D000015FA /* QuoteCell.m */ = {isa = PBXFileReference; fileEncoding = 4; lastKnownFileType = sourcecode.c.objc; path = QuoteCell.m; sourceTree = "<group>"; };
		0B0956A61AE60C31000015FA /* test.jpg */ = {isa = PBXFileReference; lastKnownFileType = image.jpeg; name = test.jpg; path = Images/test.jpg; sourceTree = "<group>"; };
		0B0956A81AE7687D000015FA /* test1.jpg */ = {isa = PBXFileReference; lastKnownFileType = image.jpeg; name = test1.jpg; path = Images/test1.jpg; sourceTree = "<group>"; };
		0B0956A91AE7687D000015FA /* test2.jpg */ = {isa = PBXFileReference; lastKnownFileType = image.jpeg; name = test2.jpg; path = Images/test2.jpg; sourceTree = "<group>"; };
		0B0956AA1AE7687D000015FA /* test3.jpg */ = {isa = PBXFileReference; lastKnownFileType = image.jpeg; name = test3.jpg; path = Images/test3.jpg; sourceTree = "<group>"; };
		0B0956AF1AE768DB000015FA /* test4.jpg */ = {isa = PBXFileReference; lastKnownFileType = image.jpeg; name = test4.jpg; path = Images/test4.jpg; sourceTree = "<group>"; };
		0B81FF2C1AE88B91008B55A5 /* box.png */ = {isa = PBXFileReference; lastKnownFileType = image.png; name = box.png; path = Images/box.png; sourceTree = "<group>"; };
		0B81FF2E1AE88C97008B55A5 /* ios7-clock.png */ = {isa = PBXFileReference; lastKnownFileType = image.png; name = "ios7-clock.png"; path = "Images/ios7-clock.png"; sourceTree = "<group>"; };
		0B81FF2F1AE88C97008B55A5 /* ios7-location.png */ = {isa = PBXFileReference; lastKnownFileType = image.png; name = "ios7-location.png"; path = "Images/ios7-location.png"; sourceTree = "<group>"; };
		0B81FF321AE89711008B55A5 /* KLCPopup.h */ = {isa = PBXFileReference; fileEncoding = 4; lastKnownFileType = sourcecode.c.h; name = KLCPopup.h; path = KLCPopup/KLCPopup.h; sourceTree = "<group>"; };
		0B81FF331AE89711008B55A5 /* KLCPopup.m */ = {isa = PBXFileReference; fileEncoding = 4; lastKnownFileType = sourcecode.c.objc; name = KLCPopup.m; path = KLCPopup/KLCPopup.m; sourceTree = "<group>"; };
		0B81FF351AE898EA008B55A5 /* View.xib */ = {isa = PBXFileReference; fileEncoding = 4; lastKnownFileType = file.xib; path = View.xib; sourceTree = "<group>"; };
		0B81FF371AE89905008B55A5 /* PopUpView.h */ = {isa = PBXFileReference; fileEncoding = 4; lastKnownFileType = sourcecode.c.h; path = PopUpView.h; sourceTree = "<group>"; };
		0B81FF381AE89905008B55A5 /* PopUpView.m */ = {isa = PBXFileReference; fileEncoding = 4; lastKnownFileType = sourcecode.c.objc; path = PopUpView.m; sourceTree = "<group>"; };
		0B81FF3A1AE89D78008B55A5 /* profile.png */ = {isa = PBXFileReference; lastKnownFileType = image.png; name = profile.png; path = Images/profile.png; sourceTree = "<group>"; };
		0BB8C8C91AE777E500952CE4 /* story.json */ = {isa = PBXFileReference; fileEncoding = 4; lastKnownFileType = text.json; path = story.json; sourceTree = "<group>"; };
		9D2B5D476EFEB3A766C4E9A5 /* libPods-Jimmy Liu.a */ = {isa = PBXFileReference; explicitFileType = archive.ar; includeInIndex = 0; path = "libPods-Jimmy Liu.a"; sourceTree = BUILT_PRODUCTS_DIR; };
		A8E7FD343E3AB7811B92D2D3 /* Pods-Jimmy Liu.release.xcconfig */ = {isa = PBXFileReference; includeInIndex = 1; lastKnownFileType = text.xcconfig; name = "Pods-Jimmy Liu.release.xcconfig"; path = "Pods/Target Support Files/Pods-Jimmy Liu/Pods-Jimmy Liu.release.xcconfig"; sourceTree = "<group>"; };
		F6C68FEE023B6488A4614AAE /* Pods-Jimmy Liu.debug.xcconfig */ = {isa = PBXFileReference; includeInIndex = 1; lastKnownFileType = text.xcconfig; name = "Pods-Jimmy Liu.debug.xcconfig"; path = "Pods/Target Support Files/Pods-Jimmy Liu/Pods-Jimmy Liu.debug.xcconfig"; sourceTree = "<group>"; };
/* End PBXFileReference section */

/* Begin PBXFrameworksBuildPhase section */
		0B0747141AE4619600A971FF /* Frameworks */ = {
			isa = PBXFrameworksBuildPhase;
			buildActionMask = 2147483647;
			files = (
				EE14AA202321C50F75FDB198 /* libPods-Jimmy Liu.a in Frameworks */,
			);
			runOnlyForDeploymentPostprocessing = 0;
		};
		0B07472D1AE4619600A971FF /* Frameworks */ = {
			isa = PBXFrameworksBuildPhase;
			buildActionMask = 2147483647;
			files = (
			);
			runOnlyForDeploymentPostprocessing = 0;
		};
/* End PBXFrameworksBuildPhase section */

/* Begin PBXGroup section */
		0B07470E1AE4619600A971FF = {
			isa = PBXGroup;
			children = (
				0B0747191AE4619600A971FF /* Jimmy Liu */,
				0B0747331AE4619600A971FF /* Jimmy LiuTests */,
				0B0747181AE4619600A971FF /* Products */,
				3402CF8B43E560D30D128F53 /* Pods */,
				D966D4C1EE5B6987410C823D /* Frameworks */,
			);
			sourceTree = "<group>";
		};
		0B0747181AE4619600A971FF /* Products */ = {
			isa = PBXGroup;
			children = (
				0B0747171AE4619600A971FF /* Jimmy Liu.app */,
				0B0747301AE4619600A971FF /* Jimmy LiuTests.xctest */,
			);
			name = Products;
			sourceTree = "<group>";
		};
		0B0747191AE4619600A971FF /* Jimmy Liu */ = {
			isa = PBXGroup;
			children = (
				0B09568B1AE60393000015FA /* Images */,
				0B07471E1AE4619600A971FF /* AppDelegate.h */,
				0B07471F1AE4619600A971FF /* AppDelegate.m */,
				0B0747211AE4619600A971FF /* ViewController.h */,
				0B0956AE1AE76883000015FA /* Images */,
				0B0747221AE4619600A971FF /* ViewController.m */,
				0B09568A1AE60183000015FA /* Feed */,
				0B09568D1AE6044C000015FA /* Story */,
				0B0747241AE4619600A971FF /* Main.storyboard */,
				0B0747271AE4619600A971FF /* Images.xcassets */,
				0B0747291AE4619600A971FF /* LaunchScreen.xib */,
				0B07471A1AE4619600A971FF /* Supporting Files */,
			);
			path = "Jimmy Liu";
			sourceTree = "<group>";
		};
		0B07471A1AE4619600A971FF /* Supporting Files */ = {
			isa = PBXGroup;
			children = (
				0B07471B1AE4619600A971FF /* Info.plist */,
				0B07471C1AE4619600A971FF /* main.m */,
			);
			name = "Supporting Files";
			sourceTree = "<group>";
		};
		0B0747331AE4619600A971FF /* Jimmy LiuTests */ = {
			isa = PBXGroup;
			children = (
				0B0747361AE4619600A971FF /* Jimmy_LiuTests.m */,
				0B0747341AE4619600A971FF /* Supporting Files */,
			);
			path = "Jimmy LiuTests";
			sourceTree = "<group>";
		};
		0B0747341AE4619600A971FF /* Supporting Files */ = {
			isa = PBXGroup;
			children = (
				0B0747351AE4619600A971FF /* Info.plist */,
			);
			name = "Supporting Files";
			sourceTree = "<group>";
		};
		0B09568A1AE60183000015FA /* Feed */ = {
			isa = PBXGroup;
			children = (
				0B81FF351AE898EA008B55A5 /* View.xib */,
				0B81FF3A1AE89D78008B55A5 /* profile.png */,
				0B81FF371AE89905008B55A5 /* PopUpView.h */,
				0B81FF381AE89905008B55A5 /* PopUpView.m */,
				0B81FF321AE89711008B55A5 /* KLCPopup.h */,
				0B81FF331AE89711008B55A5 /* KLCPopup.m */,
				0B0956841AE6001F000015FA /* FeedViewController.h */,
				0B0956851AE6001F000015FA /* FeedViewController.m */,
				0BB8C8C91AE777E500952CE4 /* story.json */,
				0B0956871AE60111000015FA /* FeedTableCell.h */,
				0B0956881AE60111000015FA /* FeedTableCell.m */,
			);
			name = Feed;
			sourceTree = "<group>";
		};
		0B09568D1AE6044C000015FA /* Story */ = {
			isa = PBXGroup;
			children = (
				0B0956911AE6048A000015FA /* StoryViewController.h */,
				0B0956921AE6048A000015FA /* StoryViewController.m */,
				0B0956941AE60551000015FA /* TitleCell.h */,
				0B0956951AE60551000015FA /* TitleCell.m */,
				0B0956971AE6055B000015FA /* ParagraphCell.h */,
				0B0956981AE6055B000015FA /* ParagraphCell.m */,
				0B09569A1AE60564000015FA /* SingleImageCell.h */,
				0B09569B1AE60564000015FA /* SingleImageCell.m */,
				0B09569D1AE6056D000015FA /* DoubleImageCell.h */,
				0B09569E1AE6056D000015FA /* DoubleImageCell.m */,
				0B0956A01AE60576000015FA /* TripleImageCell.h */,
				0B0956A11AE60576000015FA /* TripleImageCell.m */,
				0B0956A31AE6057D000015FA /* QuoteCell.h */,
				0B0956A41AE6057D000015FA /* QuoteCell.m */,
			);
			name = Story;
			sourceTree = "<group>";
		};
		0B0956AE1AE76883000015FA /* Images */ = {
			isa = PBXGroup;
			children = (
				0B81FF2E1AE88C97008B55A5 /* ios7-clock.png */,
				0B81FF2F1AE88C97008B55A5 /* ios7-location.png */,
				0B81FF2C1AE88B91008B55A5 /* box.png */,
				0B0956AF1AE768DB000015FA /* test4.jpg */,
				0B0956A61AE60C31000015FA /* test.jpg */,
				0B0956A81AE7687D000015FA /* test1.jpg */,
				0B0956A91AE7687D000015FA /* test2.jpg */,
				0B0956AA1AE7687D000015FA /* test3.jpg */,
			);
			name = Images;
			sourceTree = "<group>";
		};
		3402CF8B43E560D30D128F53 /* Pods */ = {
			isa = PBXGroup;
			children = (
				F6C68FEE023B6488A4614AAE /* Pods-Jimmy Liu.debug.xcconfig */,
				A8E7FD343E3AB7811B92D2D3 /* Pods-Jimmy Liu.release.xcconfig */,
			);
			name = Pods;
			sourceTree = "<group>";
		};
		D966D4C1EE5B6987410C823D /* Frameworks */ = {
			isa = PBXGroup;
			children = (
				9D2B5D476EFEB3A766C4E9A5 /* libPods-Jimmy Liu.a */,
			);
			name = Frameworks;
			sourceTree = "<group>";
		};
/* End PBXGroup section */

/* Begin PBXNativeTarget section */
		0B0747161AE4619600A971FF /* Jimmy Liu */ = {
			isa = PBXNativeTarget;
			buildConfigurationList = 0B07473A1AE4619600A971FF /* Build configuration list for PBXNativeTarget "Jimmy Liu" */;
			buildPhases = (
				38094F5C03810743713958B1 /* Check Pods Manifest.lock */,
				0B0747131AE4619600A971FF /* Sources */,
				0B0747141AE4619600A971FF /* Frameworks */,
				0B0747151AE4619600A971FF /* Resources */,
				2601E8107EF7D6D4764E7884 /* Copy Pods Resources */,
			);
			buildRules = (
			);
			dependencies = (
			);
			name = "Jimmy Liu";
			productName = "Jimmy Liu";
			productReference = 0B0747171AE4619600A971FF /* Jimmy Liu.app */;
			productType = "com.apple.product-type.application";
		};
		0B07472F1AE4619600A971FF /* Jimmy LiuTests */ = {
			isa = PBXNativeTarget;
			buildConfigurationList = 0B07473D1AE4619600A971FF /* Build configuration list for PBXNativeTarget "Jimmy LiuTests" */;
			buildPhases = (
				0B07472C1AE4619600A971FF /* Sources */,
				0B07472D1AE4619600A971FF /* Frameworks */,
				0B07472E1AE4619600A971FF /* Resources */,
			);
			buildRules = (
			);
			dependencies = (
				0B0747321AE4619600A971FF /* PBXTargetDependency */,
			);
			name = "Jimmy LiuTests";
			productName = "Jimmy LiuTests";
			productReference = 0B0747301AE4619600A971FF /* Jimmy LiuTests.xctest */;
			productType = "com.apple.product-type.bundle.unit-test";
		};
/* End PBXNativeTarget section */

/* Begin PBXProject section */
		0B07470F1AE4619600A971FF /* Project object */ = {
			isa = PBXProject;
			attributes = {
				LastUpgradeCheck = 0620;
				ORGANIZATIONNAME = jimmyliu;
				TargetAttributes = {
					0B0747161AE4619600A971FF = {
						CreatedOnToolsVersion = 6.2;
					};
					0B07472F1AE4619600A971FF = {
						CreatedOnToolsVersion = 6.2;
						TestTargetID = 0B0747161AE4619600A971FF;
					};
				};
			};
			buildConfigurationList = 0B0747121AE4619600A971FF /* Build configuration list for PBXProject "Jimmy Liu" */;
			compatibilityVersion = "Xcode 3.2";
			developmentRegion = English;
			hasScannedForEncodings = 0;
			knownRegions = (
				en,
				Base,
			);
			mainGroup = 0B07470E1AE4619600A971FF;
			productRefGroup = 0B0747181AE4619600A971FF /* Products */;
			projectDirPath = "";
			projectRoot = "";
			targets = (
				0B0747161AE4619600A971FF /* Jimmy Liu */,
				0B07472F1AE4619600A971FF /* Jimmy LiuTests */,
			);
		};
/* End PBXProject section */

/* Begin PBXResourcesBuildPhase section */
		0B0747151AE4619600A971FF /* Resources */ = {
			isa = PBXResourcesBuildPhase;
			buildActionMask = 2147483647;
			files = (
				0B81FF361AE898EA008B55A5 /* View.xib in Resources */,
				0B09568C1AE60393000015FA /* Images in Resources */,
				0B81FF2D1AE88B91008B55A5 /* box.png in Resources */,
				0B0956A71AE60C31000015FA /* test.jpg in Resources */,
				0B0956AC1AE7687D000015FA /* test2.jpg in Resources */,
				0B81FF311AE88C97008B55A5 /* ios7-location.png in Resources */,
				0B81FF301AE88C97008B55A5 /* ios7-clock.png in Resources */,
				0BB8C8CA1AE777E500952CE4 /* story.json in Resources */,
				0B0956AD1AE7687D000015FA /* test3.jpg in Resources */,
				0B0747261AE4619600A971FF /* Main.storyboard in Resources */,
				0B07472B1AE4619600A971FF /* LaunchScreen.xib in Resources */,
				0B0747281AE4619600A971FF /* Images.xcassets in Resources */,
				0B0956AB1AE7687D000015FA /* test1.jpg in Resources */,
				0B81FF3B1AE89D78008B55A5 /* profile.png in Resources */,
				0B0956B01AE768DB000015FA /* test4.jpg in Resources */,
			);
			runOnlyForDeploymentPostprocessing = 0;
		};
		0B07472E1AE4619600A971FF /* Resources */ = {
			isa = PBXResourcesBuildPhase;
			buildActionMask = 2147483647;
			files = (
			);
			runOnlyForDeploymentPostprocessing = 0;
		};
/* End PBXResourcesBuildPhase section */

/* Begin PBXShellScriptBuildPhase section */
		2601E8107EF7D6D4764E7884 /* Copy Pods Resources */ = {
			isa = PBXShellScriptBuildPhase;
			buildActionMask = 2147483647;
			files = (
			);
			inputPaths = (
			);
			name = "Copy Pods Resources";
			outputPaths = (
			);
			runOnlyForDeploymentPostprocessing = 0;
			shellPath = /bin/sh;
			shellScript = "\"${SRCROOT}/Pods/Target Support Files/Pods-Jimmy Liu/Pods-Jimmy Liu-resources.sh\"\n";
			showEnvVarsInLog = 0;
		};
		38094F5C03810743713958B1 /* Check Pods Manifest.lock */ = {
			isa = PBXShellScriptBuildPhase;
			buildActionMask = 2147483647;
			files = (
			);
			inputPaths = (
			);
			name = "Check Pods Manifest.lock";
			outputPaths = (
			);
			runOnlyForDeploymentPostprocessing = 0;
			shellPath = /bin/sh;
			shellScript = "diff \"${PODS_ROOT}/../Podfile.lock\" \"${PODS_ROOT}/Manifest.lock\" > /dev/null\nif [[ $? != 0 ]] ; then\n    cat << EOM\nerror: The sandbox is not in sync with the Podfile.lock. Run 'pod install' or update your CocoaPods installation.\nEOM\n    exit 1\nfi\n";
			showEnvVarsInLog = 0;
		};
/* End PBXShellScriptBuildPhase section */

/* Begin PBXSourcesBuildPhase section */
		0B0747131AE4619600A971FF /* Sources */ = {
			isa = PBXSourcesBuildPhase;
			buildActionMask = 2147483647;
			files = (
				0B09569F1AE6056D000015FA /* DoubleImageCell.m in Sources */,
				0B0956991AE6055B000015FA /* ParagraphCell.m in Sources */,
				0B09569C1AE60564000015FA /* SingleImageCell.m in Sources */,
				0B0747231AE4619600A971FF /* ViewController.m in Sources */,
				0B0956A51AE6057D000015FA /* QuoteCell.m in Sources */,
				0B81FF391AE89905008B55A5 /* PopUpView.m in Sources */,
				0B0956A21AE60576000015FA /* TripleImageCell.m in Sources */,
				0B0956891AE60111000015FA /* FeedTableCell.m in Sources */,
				0B0956931AE6048A000015FA /* StoryViewController.m in Sources */,
				0B0747201AE4619600A971FF /* AppDelegate.m in Sources */,
				0B0956861AE6001F000015FA /* FeedViewController.m in Sources */,
				0B0956961AE60551000015FA /* TitleCell.m in Sources */,
				0B81FF341AE89711008B55A5 /* KLCPopup.m in Sources */,
				0B07471D1AE4619600A971FF /* main.m in Sources */,
			);
			runOnlyForDeploymentPostprocessing = 0;
		};
		0B07472C1AE4619600A971FF /* Sources */ = {
			isa = PBXSourcesBuildPhase;
			buildActionMask = 2147483647;
			files = (
				0B0747371AE4619600A971FF /* Jimmy_LiuTests.m in Sources */,
			);
			runOnlyForDeploymentPostprocessing = 0;
		};
/* End PBXSourcesBuildPhase section */

/* Begin PBXTargetDependency section */
		0B0747321AE4619600A971FF /* PBXTargetDependency */ = {
			isa = PBXTargetDependency;
			target = 0B0747161AE4619600A971FF /* Jimmy Liu */;
			targetProxy = 0B0747311AE4619600A971FF /* PBXContainerItemProxy */;
		};
/* End PBXTargetDependency section */

/* Begin PBXVariantGroup section */
		0B0747241AE4619600A971FF /* Main.storyboard */ = {
			isa = PBXVariantGroup;
			children = (
				0B0747251AE4619600A971FF /* Base */,
			);
			name = Main.storyboard;
			sourceTree = "<group>";
		};
		0B0747291AE4619600A971FF /* LaunchScreen.xib */ = {
			isa = PBXVariantGroup;
			children = (
				0B07472A1AE4619600A971FF /* Base */,
			);
			name = LaunchScreen.xib;
			sourceTree = "<group>";
		};
/* End PBXVariantGroup section */

/* Begin XCBuildConfiguration section */
		0B0747381AE4619600A971FF /* Debug */ = {
			isa = XCBuildConfiguration;
			buildSettings = {
				ALWAYS_SEARCH_USER_PATHS = NO;
				CLANG_CXX_LANGUAGE_STANDARD = "gnu++0x";
				CLANG_CXX_LIBRARY = "libc++";
				CLANG_ENABLE_MODULES = YES;
				CLANG_ENABLE_OBJC_ARC = YES;
				CLANG_WARN_BOOL_CONVERSION = YES;
				CLANG_WARN_CONSTANT_CONVERSION = YES;
				CLANG_WARN_DIRECT_OBJC_ISA_USAGE = YES_ERROR;
				CLANG_WARN_EMPTY_BODY = YES;
				CLANG_WARN_ENUM_CONVERSION = YES;
				CLANG_WARN_INT_CONVERSION = YES;
				CLANG_WARN_OBJC_ROOT_CLASS = YES_ERROR;
				CLANG_WARN_UNREACHABLE_CODE = YES;
				CLANG_WARN__DUPLICATE_METHOD_MATCH = YES;
				"CODE_SIGN_IDENTITY[sdk=iphoneos*]" = "iPhone Developer";
				COPY_PHASE_STRIP = NO;
				ENABLE_STRICT_OBJC_MSGSEND = YES;
				GCC_C_LANGUAGE_STANDARD = gnu99;
				GCC_DYNAMIC_NO_PIC = NO;
				GCC_OPTIMIZATION_LEVEL = 0;
				GCC_PREPROCESSOR_DEFINITIONS = (
					"DEBUG=1",
					"$(inherited)",
				);
				GCC_SYMBOLS_PRIVATE_EXTERN = NO;
				GCC_WARN_64_TO_32_BIT_CONVERSION = YES;
				GCC_WARN_ABOUT_RETURN_TYPE = YES_ERROR;
				GCC_WARN_UNDECLARED_SELECTOR = YES;
				GCC_WARN_UNINITIALIZED_AUTOS = YES_AGGRESSIVE;
				GCC_WARN_UNUSED_FUNCTION = YES;
				GCC_WARN_UNUSED_VARIABLE = YES;
				IPHONEOS_DEPLOYMENT_TARGET = 8.2;
				MTL_ENABLE_DEBUG_INFO = YES;
				ONLY_ACTIVE_ARCH = YES;
				SDKROOT = iphoneos;
			};
			name = Debug;
		};
		0B0747391AE4619600A971FF /* Release */ = {
			isa = XCBuildConfiguration;
			buildSettings = {
				ALWAYS_SEARCH_USER_PATHS = NO;
				CLANG_CXX_LANGUAGE_STANDARD = "gnu++0x";
				CLANG_CXX_LIBRARY = "libc++";
				CLANG_ENABLE_MODULES = YES;
				CLANG_ENABLE_OBJC_ARC = YES;
				CLANG_WARN_BOOL_CONVERSION = YES;
				CLANG_WARN_CONSTANT_CONVERSION = YES;
				CLANG_WARN_DIRECT_OBJC_ISA_USAGE = YES_ERROR;
				CLANG_WARN_EMPTY_BODY = YES;
				CLANG_WARN_ENUM_CONVERSION = YES;
				CLANG_WARN_INT_CONVERSION = YES;
				CLANG_WARN_OBJC_ROOT_CLASS = YES_ERROR;
				CLANG_WARN_UNREACHABLE_CODE = YES;
				CLANG_WARN__DUPLICATE_METHOD_MATCH = YES;
				"CODE_SIGN_IDENTITY[sdk=iphoneos*]" = "iPhone Developer";
				COPY_PHASE_STRIP = NO;
				ENABLE_NS_ASSERTIONS = NO;
				ENABLE_STRICT_OBJC_MSGSEND = YES;
				GCC_C_LANGUAGE_STANDARD = gnu99;
				GCC_WARN_64_TO_32_BIT_CONVERSION = YES;
				GCC_WARN_ABOUT_RETURN_TYPE = YES_ERROR;
				GCC_WARN_UNDECLARED_SELECTOR = YES;
				GCC_WARN_UNINITIALIZED_AUTOS = YES_AGGRESSIVE;
				GCC_WARN_UNUSED_FUNCTION = YES;
				GCC_WARN_UNUSED_VARIABLE = YES;
				IPHONEOS_DEPLOYMENT_TARGET = 8.2;
				MTL_ENABLE_DEBUG_INFO = NO;
				SDKROOT = iphoneos;
				VALIDATE_PRODUCT = YES;
			};
			name = Release;
		};
		0B07473B1AE4619600A971FF /* Debug */ = {
			isa = XCBuildConfiguration;
			baseConfigurationReference = F6C68FEE023B6488A4614AAE /* Pods-Jimmy Liu.debug.xcconfig */;
			buildSettings = {
				ASSETCATALOG_COMPILER_APPICON_NAME = AppIcon;
				INFOPLIST_FILE = "Jimmy Liu/Info.plist";
				IPHONEOS_DEPLOYMENT_TARGET = 8.0;
				LD_RUNPATH_SEARCH_PATHS = "$(inherited) @executable_path/Frameworks";
				PRODUCT_NAME = "$(TARGET_NAME)";
			};
			name = Debug;
		};
		0B07473C1AE4619600A971FF /* Release */ = {
			isa = XCBuildConfiguration;
			baseConfigurationReference = A8E7FD343E3AB7811B92D2D3 /* Pods-Jimmy Liu.release.xcconfig */;
			buildSettings = {
				ASSETCATALOG_COMPILER_APPICON_NAME = AppIcon;
				INFOPLIST_FILE = "Jimmy Liu/Info.plist";
				IPHONEOS_DEPLOYMENT_TARGET = 8.0;
				LD_RUNPATH_SEARCH_PATHS = "$(inherited) @executable_path/Frameworks";
				PRODUCT_NAME = "$(TARGET_NAME)";
			};
			name = Release;
		};
		0B07473E1AE4619600A971FF /* Debug */ = {
			isa = XCBuildConfiguration;
			buildSettings = {
				BUNDLE_LOADER = "$(TEST_HOST)";
				FRAMEWORK_SEARCH_PATHS = (
					"$(SDKROOT)/Developer/Library/Frameworks",
					"$(inherited)",
				);
				GCC_PREPROCESSOR_DEFINITIONS = (
					"DEBUG=1",
					"$(inherited)",
				);
				INFOPLIST_FILE = "Jimmy LiuTests/Info.plist";
				LD_RUNPATH_SEARCH_PATHS = "$(inherited) @executable_path/Frameworks @loader_path/Frameworks";
				PRODUCT_NAME = "$(TARGET_NAME)";
				TEST_HOST = "$(BUILT_PRODUCTS_DIR)/Jimmy Liu.app/Jimmy Liu";
			};
			name = Debug;
		};
		0B07473F1AE4619600A971FF /* Release */ = {
			isa = XCBuildConfiguration;
			buildSettings = {
				BUNDLE_LOADER = "$(TEST_HOST)";
				FRAMEWORK_SEARCH_PATHS = (
					"$(SDKROOT)/Developer/Library/Frameworks",
					"$(inherited)",
				);
				INFOPLIST_FILE = "Jimmy LiuTests/Info.plist";
				LD_RUNPATH_SEARCH_PATHS = "$(inherited) @executable_path/Frameworks @loader_path/Frameworks";
				PRODUCT_NAME = "$(TARGET_NAME)";
				TEST_HOST = "$(BUILT_PRODUCTS_DIR)/Jimmy Liu.app/Jimmy Liu";
			};
			name = Release;
		};
/* End XCBuildConfiguration section */

/* Begin XCConfigurationList section */
		0B0747121AE4619600A971FF /* Build configuration list for PBXProject "Jimmy Liu" */ = {
			isa = XCConfigurationList;
			buildConfigurations = (
				0B0747381AE4619600A971FF /* Debug */,
				0B0747391AE4619600A971FF /* Release */,
			);
			defaultConfigurationIsVisible = 0;
			defaultConfigurationName = Release;
		};
		0B07473A1AE4619600A971FF /* Build configuration list for PBXNativeTarget "Jimmy Liu" */ = {
			isa = XCConfigurationList;
			buildConfigurations = (
				0B07473B1AE4619600A971FF /* Debug */,
				0B07473C1AE4619600A971FF /* Release */,
			);
			defaultConfigurationIsVisible = 0;
			defaultConfigurationName = Release;
		};
		0B07473D1AE4619600A971FF /* Build configuration list for PBXNativeTarget "Jimmy LiuTests" */ = {
			isa = XCConfigurationList;
			buildConfigurations = (
				0B07473E1AE4619600A971FF /* Debug */,
				0B07473F1AE4619600A971FF /* Release */,
			);
			defaultConfigurationIsVisible = 0;
			defaultConfigurationName = Release;
		};
/* End XCConfigurationList section */
	};
	rootObject = 0B07470F1AE4619600A971FF /* Project object */;
}
